
Microsoft Visual Studio Solution File, Format Version 12.00
Project("{F2A71F9B-5D33-465A-A702-920D77279786}") = "Game", "Game\Game.fsproj", "{83BE9AA1-46C4-4BA0-AF71-7E87DB0FC92C}"
EndProject
Project("{F2A71F9B-5D33-465A-A702-920D77279786}") = "Client", "Client\Client.fsproj", "{3894A956-CA47-4AF9-83F2-D6C62B1E61F3}"
EndProject
Project("{F2A71F9B-5D33-465A-A702-920D77279786}") = "Server", "Server\Server.fsproj", "{A62ADD51-DADF-482E-8F09-D96EC7F15EAB}"
EndProject
Project("{FAE04EC0-301F-11D3-BF4B-00C04F79EFBC}") = "ConsoleApp1", "ConsoleApp1\ConsoleApp1.csproj", "{7FEFCB75-A707-4E8A-BE07-197B0567B81B}"
EndProject
Project("{FAE04EC0-301F-11D3-BF4B-00C04F79EFBC}") = "ClassLibrary1", "ClassLibrary1\ClassLibrary1.csproj", "{6B93DC43-4A2D-435F-811D-C9C84181AB18}"
EndProject
Global
	GlobalSection(SolutionConfigurationPlatforms) = preSolution
		Debug|Any CPU = Debug|Any CPU
		Release|Any CPU = Release|Any CPU
	EndGlobalSection
	GlobalSection(ProjectConfigurationPlatforms) = postSolution
		{83BE9AA1-46C4-4BA0-AF71-7E87DB0FC92C}.Debug|Any CPU.ActiveCfg = Debug|Any CPU
		{83BE9AA1-46C4-4BA0-AF71-7E87DB0FC92C}.Debug|Any CPU.Build.0 = Debug|Any CPU
		{83BE9AA1-46C4-4BA0-AF71-7E87DB0FC92C}.Release|Any CPU.ActiveCfg = Release|Any CPU
		{83BE9AA1-46C4-4BA0-AF71-7E87DB0FC92C}.Release|Any CPU.Build.0 = Release|Any CPU
		{3894A956-CA47-4AF9-83F2-D6C62B1E61F3}.Debug|Any CPU.ActiveCfg = Debug|Any CPU
		{3894A956-CA47-4AF9-83F2-D6C62B1E61F3}.Debug|Any CPU.Build.0 = Debug|Any CPU
		{3894A956-CA47-4AF9-83F2-D6C62B1E61F3}.Release|Any CPU.ActiveCfg = Release|Any CPU
		{3894A956-CA47-4AF9-83F2-D6C62B1E61F3}.Release|Any CPU.Build.0 = Release|Any CPU
		{A62ADD51-DADF-482E-8F09-D96EC7F15EAB}.Debug|Any CPU.ActiveCfg = Debug|Any CPU
		{A62ADD51-DADF-482E-8F09-D96EC7F15EAB}.Debug|Any CPU.Build.0 = Debug|Any CPU
		{A62ADD51-DADF-482E-8F09-D96EC7F15EAB}.Release|Any CPU.ActiveCfg = Release|Any CPU
		{A62ADD51-DADF-482E-8F09-D96EC7F15EAB}.Release|Any CPU.Build.0 = Release|Any CPU
		{7FEFCB75-A707-4E8A-BE07-197B0567B81B}.Debug|Any CPU.ActiveCfg = Debug|Any CPU
		{7FEFCB75-A707-4E8A-BE07-197B0567B81B}.Debug|Any CPU.Build.0 = Debug|Any CPU
		{7FEFCB75-A707-4E8A-BE07-197B0567B81B}.Release|Any CPU.ActiveCfg = Release|Any CPU
		{7FEFCB75-A707-4E8A-BE07-197B0567B81B}.Release|Any CPU.Build.0 = Release|Any CPU
		{6B93DC43-4A2D-435F-811D-C9C84181AB18}.Debug|Any CPU.ActiveCfg = Debug|Any CPU
		{6B93DC43-4A2D-435F-811D-C9C84181AB18}.Debug|Any CPU.Build.0 = Debug|Any CPU
		{6B93DC43-4A2D-435F-811D-C9C84181AB18}.Release|Any CPU.ActiveCfg = Release|Any CPU
		{6B93DC43-4A2D-435F-811D-C9C84181AB18}.Release|Any CPU.Build.0 = Release|Any CPU
	EndGlobalSection
EndGlobal
